{
  "name": "ai chatbots",
  "lockfileVersion": 3,
  "requires": true,
  "packages": {
    "": {
      "dependencies": {
        "@tanstack/query-core": "^4.29.5",
        "@tanstack/query-sync-storage-persister": "^4.29.5",
        "@tanstack/react-query": "^4.29.5",
        "uninstall": "^0.0.0"
      }
    },
    "node_modules/@tanstack/query-core": {
      "version": "4.29.5",
      "resolved": "https://registry.npmjs.org/@tanstack/query-core/-/query-core-4.29.5.tgz",
      "integrity": "sha512-xXIiyQ/4r9KfaJ3k6kejqcaqFXXBTzN2aOJ5H1J6aTJE9hl/nbgAdfF6oiIu0CD5xowejJEJ6bBg8TO7BN4NuQ==",
      "license": "MIT",
      "funding": {
        "type": "github",
        "url": "https://github.com/sponsors/tannerlinsley"
      }
    },
    "node_modules/@tanstack/query-persist-client-core": {
      "version": "4.29.5",
      "resolved": "https://registry.npmjs.org/@tanstack/query-persist-client-core/-/query-persist-client-core-4.29.5.tgz",
      "integrity": "sha512-IjLtEZiEUnzpcFVdHoZGqtjv2g0smLK5WOWk8hP/2ndlXe5kaSbtCKWO2WFbw7yWPYVMM2m9zyglZqg5kU1DMA==",
      "license": "MIT",
      "dependencies": {
        "@tanstack/query-core": "4.29.5"
      },
      "funding": {
        "type": "github",
        "url": "https://github.com/sponsors/tannerlinsley"
      }
    },
    "node_modules/@tanstack/query-sync-storage-persister": {
      "version": "4.29.5",
      "resolved": "https://registry.npmjs.org/@tanstack/query-sync-storage-persister/-/query-sync-storage-persister-4.29.5.tgz",
      "integrity": "sha512-A5K2owrQ1z/Ipndt/thv3vMXjRPOT02jwlXM51OV5IHg4FLQ9vlXvImYWlBoHmY1MMl91x9bqRgz0gX6hnr14g==",
      "license": "MIT",
      "dependencies": {
        "@tanstack/query-persist-client-core": "4.29.5"
      },
      "funding": {
        "type": "github",
        "url": "https://github.com/sponsors/tannerlinsley"
      }
    },
    "node_modules/@tanstack/react-query": {
      "version": "4.29.5",
      "resolved": "https://registry.npmjs.org/@tanstack/react-query/-/react-query-4.29.5.tgz",
      "integrity": "sha512-F87cibC3s3eG0Q90g2O+hqntpCrudKFnR8P24qkH9uccEhXErnJxBC/AAI4cJRV2bfMO8IeGZQYf3WyYgmSg0w==",
      "license": "MIT",
      "dependencies": {
        "@tanstack/query-core": "4.29.5",
        "use-sync-external-store": "^1.2.0"
      },
      "funding": {
        "type": "github",
        "url": "https://github.com/sponsors/tannerlinsley"
      },
      "peerDependencies": {
        "react": "^16.8.0 || ^17.0.0 || ^18.0.0",
        "react-dom": "^16.8.0 || ^17.0.0 || ^18.0.0",
        "react-native": "*"
      },
      "peerDependenciesMeta": {
        "react-dom": {
          "optional": true
        },
        "react-native": {
          "optional": true
        }
      }
    },
    "node_modules/uninstall": {
      "version": "0.0.0",
      "resolved": "https://registry.npmjs.org/uninstall/-/uninstall-0.0.0.tgz",
      "integrity": "sha512-pjP/0+A4gsbDVa8XH/S2GZdT9NPJW8NFMy3GI7HnsWG+NAmFSSj3QidNosXBI9cPtxxNExEDdhKFO6sli8K3mA==",
      "license": "MIT"
    },
    "node_modules/use-sync-external-store": {
      "version": "1.5.0",
      "resolved": "https://registry.npmjs.org/use-sync-external-store/-/use-sync-external-store-1.5.0.tgz",
      "integrity": "sha512-Rb46I4cGGVBmjamjphe8L/UnvJD+uPPtTkNvX5mZgqdbavhI4EbgIWJiIHXJ8bc/i9EQGPRh4DwEURJ552Do0A==",
      "license": "MIT",
      "peerDependencies": {
        "react": "^16.8.0 || ^17.0.0 || ^18.0.0 || ^19.0.0"
      }
    }
  }
}
